
Microsoft Visual Studio Solution File, Format Version 12.00
# Visual Studio 15
VisualStudioVersion = 15.0.28010.0
MinimumVisualStudioVersion = 10.0.40219.1
Project("{9A19103F-16F7-4668-BE54-9A1E7A4F7556}") = "ConsoleApp1", "ConsoleApp1\ConsoleApp1.csproj", "{F87D4BBA-5E7C-4715-8ECC-AD56C3FE011F}"
EndProject
Project("{9A19103F-16F7-4668-BE54-9A1E7A4F7556}") = "ExecutorService", "ExecutorService\ExecutorService.csproj", "{22C02BE2-6F26-4882-9B84-E2E43C5DDEC5}"
EndProject
Global
	GlobalSection(SolutionConfigurationPlatforms) = preSolution
		Debug|Any CPU = Debug|Any CPU
		Release|Any CPU = Release|Any CPU
	EndGlobalSection
	GlobalSection(ProjectConfigurationPlatforms) = postSolution
		{F87D4BBA-5E7C-4715-8ECC-AD56C3FE011F}.Debug|Any CPU.ActiveCfg = Debug|Any CPU
		{F87D4BBA-5E7C-4715-8ECC-AD56C3FE011F}.Debug|Any CPU.Build.0 = Debug|Any CPU
		{F87D4BBA-5E7C-4715-8ECC-AD56C3FE011F}.Release|Any CPU.ActiveCfg = Release|Any CPU
		{F87D4BBA-5E7C-4715-8ECC-AD56C3FE011F}.Release|Any CPU.Build.0 = Release|Any CPU
		{22C02BE2-6F26-4882-9B84-E2E43C5DDEC5}.Debug|Any CPU.ActiveCfg = Debug|Any CPU
		{22C02BE2-6F26-4882-9B84-E2E43C5DDEC5}.Debug|Any CPU.Build.0 = Debug|Any CPU
		{22C02BE2-6F26-4882-9B84-E2E43C5DDEC5}.Release|Any CPU.ActiveCfg = Release|Any CPU
		{22C02BE2-6F26-4882-9B84-E2E43C5DDEC5}.Release|Any CPU.Build.0 = Release|Any CPU
	EndGlobalSection
	GlobalSection(SolutionProperties) = preSolution
		HideSolutionNode = FALSE
	EndGlobalSection
	GlobalSection(ExtensibilityGlobals) = postSolution
		SolutionGuid = {F70F6D31-C1F8-4D60-9142-FF3898006764}
	EndGlobalSection
EndGlobal
